
Microsoft Visual Studio Solution File, Format Version 12.00
# Visual Studio Version 16
VisualStudioVersion = 16.0.32002.261
MinimumVisualStudioVersion = 10.0.40219.1
Project("{FAE04EC0-301F-11D3-BF4B-00C04F79EFBC}") = "Hesap Makinesi", "Hesap Makinesi\Hesap Makinesi.csproj", "{79D89660-D637-47FD-A034-3713822FE296}"
EndProject
Global
	GlobalSection(SolutionConfigurationPlatforms) = preSolution
		Debug|Any CPU = Debug|Any CPU
		Release|Any CPU = Release|Any CPU
	EndGlobalSection
	GlobalSection(ProjectConfigurationPlatforms) = postSolution
		{79D89660-D637-47FD-A034-3713822FE296}.Debug|Any CPU.ActiveCfg = Debug|Any CPU
		{79D89660-D637-47FD-A034-3713822FE296}.Debug|Any CPU.Build.0 = Debug|Any CPU
		{79D89660-D637-47FD-A034-3713822FE296}.Release|Any CPU.ActiveCfg = Release|Any CPU
		{79D89660-D637-47FD-A034-3713822FE296}.Release|Any CPU.Build.0 = Release|Any CPU
	EndGlobalSection
	GlobalSection(SolutionProperties) = preSolution
		HideSolutionNode = FALSE
	EndGlobalSection
	GlobalSection(ExtensibilityGlobals) = postSolution
		SolutionGuid = {D57FA08E-8EAE-4462-AED7-D2405289FC8A}
	EndGlobalSection
EndGlobal
